github.com/cavaliergopher/cpio v1.0.1 h1:KQFSeKmZhv0cr+kawA3a0xTQCU4QxXF1vhU7P7av2KM=
github.com/cavaliergopher/cpio v1.0.1/go.mod h1:pBdaqQjnvXxdS/6CvNDwIANIFSP0xRKI16PX4xejRQc=
github.com/google/renameio v1.0.1 h1:Lh/jXZmvZxb0BBeSY5VKEfidcbcbenKjZFzM/q0fSeU=
github.com/google/renameio v1.0.1/go.mod h1:t/HQoYBZSsWSNK35C6CO/TpPLDVWvxOHboWUAweKUpk=
github.com/klauspost/cpuid/v2 v2.2.1 h1:U33DW0aiEj633gHYw3LoDNfkDiYnE5Q8M/TKJn2f2jI=
github.com/klauspost/cpuid/v2 v2.2.1/go.mod h1:RVVoqg1df56z8g3pUjL/3lE5UfnlrJX8tyFgg4nqhuY=
golang.org/x/sys v0.0.0-20220704084225-05e143d24a9e/go.mod h1:oPkhp1MJrh7nUepCBck5+mAzfO9JrbApNNgaTdGDITg=
golang.org/x/sys v0.2.0 h1:ljd4t30dBnAvMZaQCevtY0xLLD0A+bRZXbgLMLU1F/A=
golang.org/x/sys v0.2.0/go.mod h1:oPkhp1MJrh7nUepCBck5+mAzfO9JrbApNNgaTdGDITg=
